
Microsoft Visual Studio Solution File, Format Version 12.00
# Visual Studio 15
VisualStudioVersion = 15.0.27130.2027
MinimumVisualStudioVersion = 10.0.40219.1
Project("{2150E333-8FDC-42A3-9474-1A3956D46DE8}") = "Libraries", "Libraries", "{FCB3A478-97CB-466B-B6E3-53D3BBFD3439}"
EndProject
Project("{2150E333-8FDC-42A3-9474-1A3956D46DE8}") = "Samples", "Samples", "{E38A000F-C047-437A-B203-8CB428C4456F}"
EndProject
Project("{9A19103F-16F7-4668-BE54-9A1E7A4F7556}") = "Primitives", "Samples\Primitives\Primitives.csproj", "{4614CE08-39DA-42D0-B934-667272716934}"
EndProject
Global
	GlobalSection(SolutionConfigurationPlatforms) = preSolution
		Debug|Any CPU = Debug|Any CPU
		Release|Any CPU = Release|Any CPU
	EndGlobalSection
	GlobalSection(ProjectConfigurationPlatforms) = postSolution
		{4614CE08-39DA-42D0-B934-667272716934}.Debug|Any CPU.ActiveCfg = Debug|Any CPU
		{4614CE08-39DA-42D0-B934-667272716934}.Debug|Any CPU.Build.0 = Debug|Any CPU
		{4614CE08-39DA-42D0-B934-667272716934}.Release|Any CPU.ActiveCfg = Release|Any CPU
		{4614CE08-39DA-42D0-B934-667272716934}.Release|Any CPU.Build.0 = Release|Any CPU
	EndGlobalSection
	GlobalSection(SolutionProperties) = preSolution
		HideSolutionNode = FALSE
	EndGlobalSection
	GlobalSection(NestedProjects) = preSolution
		{4614CE08-39DA-42D0-B934-667272716934} = {E38A000F-C047-437A-B203-8CB428C4456F}
	EndGlobalSection
	GlobalSection(ExtensibilityGlobals) = postSolution
		SolutionGuid = {BA770232-CACA-4D94-9AB6-8E3265914DCE}
	EndGlobalSection
EndGlobal
